# This file is autogenerated, do not edit; changes may be undone by the next 'dep ensure'.


[[projects]]
  name = "github.com/eclipse/paho.mqtt.golang"
  packages = [".","packets"]
  revision = "aff15770515e3c57fc6109da73d42b0d46f7f483"
  version = "v1.1.0"

[[projects]]
  name = "github.com/hemtjanst/hemtjanst"
  packages = ["device","messaging","messaging/flagmqtt"]
  revision = "2054fc1d6b34ef788aa23f1968936f1480e60ff3"
  version = "master"

[[projects]]
  name = "github.com/satori/go.uuid"
  packages = ["."]
  revision = "879c5887cd475cd7864858769793b2ceb0d44feb"
  version = "v1.1.0"

[[projects]]
  branch = "master"
  name = "golang.org/x/net"
  packages = ["proxy","websocket"]
  revision = "1c05540f6879653db88113bc4a2b70aec4bd491f"

[solve-meta]
  analyzer-name = "dep"
  analyzer-version = 1
  inputs-digest = "a9b5f4a1c60e9a48ecf4785786b80a15094669f5a34a3b677dd58d66ee995ec0"
  solver-name = "gps-cdcl"
  solver-version = 1
